// !$*UTF8*$!
{
	archiveVersion = 1;
	classes = {
	};
	objectVersion = 46;
	objects = {

/* Begin PBXBuildFile section */
		5CA6AD2B517D4EAA89D1B38B /* libPods.a in Frameworks */ = {isa = PBXBuildFile; fileRef = 3FACBF7B0CBF41AABD9E6C84 /* libPods.a */; };
		9B0B520A18429C4D002E68D1 /* CBAUserCell.m in Sources */ = {isa = PBXBuildFile; fileRef = 9B0B520918429C4D002E68D1 /* CBAUserCell.m */; };
		9B0B523218429DAA002E68D1 /* InfoPlist.strings in Resources */ = {isa = PBXBuildFile; fileRef = 9B0B523018429DAA002E68D1 /* InfoPlist.strings */; };
		9BAE371F180CE9020058A7A8 /* Foundation.framework in Frameworks */ = {isa = PBXBuildFile; fileRef = 9BAE371E180CE9020058A7A8 /* Foundation.framework */; };
		9BAE3721180CE9020058A7A8 /* CoreGraphics.framework in Frameworks */ = {isa = PBXBuildFile; fileRef = 9BAE3720180CE9020058A7A8 /* CoreGraphics.framework */; };
		9BAE3723180CE9020058A7A8 /* UIKit.framework in Frameworks */ = {isa = PBXBuildFile; fileRef = 9BAE3722180CE9020058A7A8 /* UIKit.framework */; };
		9BAE373E180CE9030058A7A8 /* XCTest.framework in Frameworks */ = {isa = PBXBuildFile; fileRef = 9BAE373D180CE9030058A7A8 /* XCTest.framework */; };
		9BAE373F180CE9030058A7A8 /* Foundation.framework in Frameworks */ = {isa = PBXBuildFile; fileRef = 9BAE371E180CE9020058A7A8 /* Foundation.framework */; };
		9BAE3740180CE9030058A7A8 /* UIKit.framework in Frameworks */ = {isa = PBXBuildFile; fileRef = 9BAE3722180CE9020058A7A8 /* UIKit.framework */; };
		9BF4D85C184299F600398327 /* CoderBaconTests.m in Sources */ = {isa = PBXBuildFile; fileRef = 9BF4D85B184299F600398327 /* CoderBaconTests.m */; };
		C90B3A01181300C8003CE519 /* AudioToolbox.framework in Frameworks */ = {isa = PBXBuildFile; fileRef = C90B3A00181300C8003CE519 /* AudioToolbox.framework */; };
		C90B3A03181300CF003CE519 /* CFNetwork.framework in Frameworks */ = {isa = PBXBuildFile; fileRef = C90B3A02181300CF003CE519 /* CFNetwork.framework */; };
		C90B3A05181300DA003CE519 /* CoreLocation.framework in Frameworks */ = {isa = PBXBuildFile; fileRef = C90B3A04181300DA003CE519 /* CoreLocation.framework */; };
		C90B3A07181300EC003CE519 /* libz.1.1.3.dylib in Frameworks */ = {isa = PBXBuildFile; fileRef = C90B3A06181300EC003CE519 /* libz.1.1.3.dylib */; };
		C90B3A09181300F3003CE519 /* MobileCoreServices.framework in Frameworks */ = {isa = PBXBuildFile; fileRef = C90B3A08181300F3003CE519 /* MobileCoreServices.framework */; };
		C90B3A0B181300F9003CE519 /* QuartzCore.framework in Frameworks */ = {isa = PBXBuildFile; fileRef = C90B3A0A181300F9003CE519 /* QuartzCore.framework */; };
		C90B3A0D181300FF003CE519 /* Security.framework in Frameworks */ = {isa = PBXBuildFile; fileRef = C90B3A0C181300FF003CE519 /* Security.framework */; };
		C90B3A111813010E003CE519 /* SystemConfiguration.framework in Frameworks */ = {isa = PBXBuildFile; fileRef = C90B3A101813010E003CE519 /* SystemConfiguration.framework */; };
		C9C513431842BA0B008EE437 /* Main.storyboard in Resources */ = {isa = PBXBuildFile; fileRef = 9BF4D86318429A8900398327 /* Main.storyboard */; };
		D01DBE2A18BD81020054DB8E /* CBAUserLoginViewController.m in Sources */ = {isa = PBXBuildFile; fileRef = D01DBE2818BD81020054DB8E /* CBAUserLoginViewController.m */; };
		D01DBE2B18BD81020054DB8E /* CBAUserLoginViewController.xib in Resources */ = {isa = PBXBuildFile; fileRef = D01DBE2918BD81020054DB8E /* CBAUserLoginViewController.xib */; };
		D06C89AC1842D718000E5F8B /* Images.xcassets in Resources */ = {isa = PBXBuildFile; fileRef = D06C89AB1842D718000E5F8B /* Images.xcassets */; };
		D097659118AD734000A3AB1D /* CBAMessageDetailViewController.m in Sources */ = {isa = PBXBuildFile; fileRef = D097658218AD734000A3AB1D /* CBAMessageDetailViewController.m */; };
		D097659218AD734000A3AB1D /* CBAMessageDetailViewController.xib in Resources */ = {isa = PBXBuildFile; fileRef = D097658318AD734000A3AB1D /* CBAMessageDetailViewController.xib */; };
		D097659318AD734000A3AB1D /* CBAMessageViewController.m in Sources */ = {isa = PBXBuildFile; fileRef = D097658518AD734000A3AB1D /* CBAMessageViewController.m */; };
		D097659418AD734000A3AB1D /* CBASplashViewController.m in Sources */ = {isa = PBXBuildFile; fileRef = D097658718AD734000A3AB1D /* CBASplashViewController.m */; };
		D097659518AD734000A3AB1D /* CBASplashViewController.xib in Resources */ = {isa = PBXBuildFile; fileRef = D097658818AD734000A3AB1D /* CBASplashViewController.xib */; };
		D097659618AD734000A3AB1D /* CBATabBarController.m in Sources */ = {isa = PBXBuildFile; fileRef = D097658A18AD734000A3AB1D /* CBATabBarController.m */; };
		D097659718AD734000A3AB1D /* CBAUserListViewController.m in Sources */ = {isa = PBXBuildFile; fileRef = D097658C18AD734000A3AB1D /* CBAUserListViewController.m */; };
		D097659818AD734000A3AB1D /* CBAUserOptionsViewController.m in Sources */ = {isa = PBXBuildFile; fileRef = D097658E18AD734000A3AB1D /* CBAUserOptionsViewController.m */; };
		D097659918AD734000A3AB1D /* CBAUserProfileViewController.m in Sources */ = {isa = PBXBuildFile; fileRef = D097659018AD734000A3AB1D /* CBAUserProfileViewController.m */; };
		D097659E18AD737300A3AB1D /* CBAMessage.m in Sources */ = {isa = PBXBuildFile; fileRef = D097659B18AD737300A3AB1D /* CBAMessage.m */; };
		D097659F18AD737300A3AB1D /* CBAUser.m in Sources */ = {isa = PBXBuildFile; fileRef = D097659D18AD737300A3AB1D /* CBAUser.m */; };
		D09765A718AD744900A3AB1D /* UIScrollView+ScrollPositions.m in Sources */ = {isa = PBXBuildFile; fileRef = D09765A318AD744900A3AB1D /* UIScrollView+ScrollPositions.m */; };
		D09765A918AD744900A3AB1D /* main.m in Sources */ = {isa = PBXBuildFile; fileRef = D09765A618AD744900A3AB1D /* main.m */; };
		D09765AC18AD74B000A3AB1D /* AppDelegate.m in Sources */ = {isa = PBXBuildFile; fileRef = D09765AB18AD74B000A3AB1D /* AppDelegate.m */; };
		D09765AF18AD762400A3AB1D /* CoderBacon-Info.plist in Resources */ = {isa = PBXBuildFile; fileRef = D09765AD18AD762400A3AB1D /* CoderBacon-Info.plist */; };
		D09765BD18AD768600A3AB1D /* CBAMessageCell.m in Sources */ = {isa = PBXBuildFile; fileRef = D09765B518AD768600A3AB1D /* CBAMessageCell.m */; };
		D09765BE18AD768600A3AB1D /* CBAMessageCell.xib in Resources */ = {isa = PBXBuildFile; fileRef = D09765B618AD768600A3AB1D /* CBAMessageCell.xib */; };
		D09765BF18AD768600A3AB1D /* CBAMessageReceivedCell.m in Sources */ = {isa = PBXBuildFile; fileRef = D09765B818AD768600A3AB1D /* CBAMessageReceivedCell.m */; };
		D09765C018AD768600A3AB1D /* CBAMessageReceivedCell.xib in Resources */ = {isa = PBXBuildFile; fileRef = D09765B918AD768600A3AB1D /* CBAMessageReceivedCell.xib */; };
		D09765C118AD768600A3AB1D /* CBAMessageSentCell.m in Sources */ = {isa = PBXBuildFile; fileRef = D09765BB18AD768600A3AB1D /* CBAMessageSentCell.m */; };
		D09765C218AD768600A3AB1D /* CBAMessageSentCell.xib in Resources */ = {isa = PBXBuildFile; fileRef = D09765BC18AD768600A3AB1D /* CBAMessageSentCell.xib */; };
		D09765C518AD76AE00A3AB1D /* CBACommon.m in Sources */ = {isa = PBXBuildFile; fileRef = D09765C418AD76AE00A3AB1D /* CBACommon.m */; };
		D09765C818AD76CC00A3AB1D /* CBAAsyncServices.m in Sources */ = {isa = PBXBuildFile; fileRef = D09765C718AD76CC00A3AB1D /* CBAAsyncServices.m */; };
/* End PBXBuildFile section */

/* Begin PBXContainerItemProxy section */
		9BAE3741180CE9030058A7A8 /* PBXContainerItemProxy */ = {
			isa = PBXContainerItemProxy;
			containerPortal = 9BAE3713180CE9020058A7A8 /* Project object */;
			proxyType = 1;
			remoteGlobalIDString = 9BAE371A180CE9020058A7A8;
			remoteInfo = CoderBacon;
		};
/* End PBXContainerItemProxy section */

/* Begin PBXFileReference section */
		3FACBF7B0CBF41AABD9E6C84 /* libPods.a */ = {isa = PBXFileReference; explicitFileType = archive.ar; includeInIndex = 0; path = libPods.a; sourceTree = BUILT_PRODUCTS_DIR; };
		9B0B520818429C4D002E68D1 /* CBAUserCell.h */ = {isa = PBXFileReference; fileEncoding = 4; lastKnownFileType = sourcecode.c.h; name = CBAUserCell.h; path = CoderBacon/Views/CBAUserCell.h; sourceTree = SOURCE_ROOT; };
		9B0B520918429C4D002E68D1 /* CBAUserCell.m */ = {isa = PBXFileReference; fileEncoding = 4; lastKnownFileType = sourcecode.c.objc; name = CBAUserCell.m; path = CoderBacon/Views/CBAUserCell.m; sourceTree = SOURCE_ROOT; };
		9B0B522D18429D92002E68D1 /* CoderBaconTests-Info.plist */ = {isa = PBXFileReference; fileEncoding = 4; lastKnownFileType = text.plist.xml; name = "CoderBaconTests-Info.plist"; path = "CoderBaconTests/CoderBaconTests-Info.plist"; sourceTree = SOURCE_ROOT; };
		9B0B523118429DAA002E68D1 /* en */ = {isa = PBXFileReference; lastKnownFileType = text.plist.strings; name = en; path = InfoPlist.strings; sourceTree = "<group>"; };
		9BAE371B180CE9020058A7A8 /* CoderBacon.app */ = {isa = PBXFileReference; explicitFileType = wrapper.application; includeInIndex = 0; path = CoderBacon.app; sourceTree = BUILT_PRODUCTS_DIR; };
		9BAE371E180CE9020058A7A8 /* Foundation.framework */ = {isa = PBXFileReference; lastKnownFileType = wrapper.framework; name = Foundation.framework; path = System/Library/Frameworks/Foundation.framework; sourceTree = SDKROOT; };
		9BAE3720180CE9020058A7A8 /* CoreGraphics.framework */ = {isa = PBXFileReference; lastKnownFileType = wrapper.framework; name = CoreGraphics.framework; path = System/Library/Frameworks/CoreGraphics.framework; sourceTree = SDKROOT; };
		9BAE3722180CE9020058A7A8 /* UIKit.framework */ = {isa = PBXFileReference; lastKnownFileType = wrapper.framework; name = UIKit.framework; path = System/Library/Frameworks/UIKit.framework; sourceTree = SDKROOT; };
		9BAE373C180CE9030058A7A8 /* CoderBaconTests.xctest */ = {isa = PBXFileReference; explicitFileType = wrapper.cfbundle; includeInIndex = 0; path = CoderBaconTests.xctest; sourceTree = BUILT_PRODUCTS_DIR; };
		9BAE373D180CE9030058A7A8 /* XCTest.framework */ = {isa = PBXFileReference; lastKnownFileType = wrapper.framework; name = XCTest.framework; path = Library/Frameworks/XCTest.framework; sourceTree = DEVELOPER_DIR; };
		9BF4D85B184299F600398327 /* CoderBaconTests.m */ = {isa = PBXFileReference; fileEncoding = 4; lastKnownFileType = sourcecode.c.objc; name = CoderBaconTests.m; path = CoderBaconTests/CoderBaconTests.m; sourceTree = SOURCE_ROOT; };
		9BF4D86418429A8900398327 /* Base */ = {isa = PBXFileReference; lastKnownFileType = file.storyboard; name = Base; path = CoderBacon/Base.lproj/Main.storyboard; sourceTree = SOURCE_ROOT; };
		C90B3A00181300C8003CE519 /* AudioToolbox.framework */ = {isa = PBXFileReference; lastKnownFileType = wrapper.framework; name = AudioToolbox.framework; path = System/Library/Frameworks/AudioToolbox.framework; sourceTree = SDKROOT; };
		C90B3A02181300CF003CE519 /* CFNetwork.framework */ = {isa = PBXFileReference; lastKnownFileType = wrapper.framework; name = CFNetwork.framework; path = System/Library/Frameworks/CFNetwork.framework; sourceTree = SDKROOT; };
		C90B3A04181300DA003CE519 /* CoreLocation.framework */ = {isa = PBXFileReference; lastKnownFileType = wrapper.framework; name = CoreLocation.framework; path = System/Library/Frameworks/CoreLocation.framework; sourceTree = SDKROOT; };
		C90B3A06181300EC003CE519 /* libz.1.1.3.dylib */ = {isa = PBXFileReference; lastKnownFileType = "compiled.mach-o.dylib"; name = libz.1.1.3.dylib; path = usr/lib/libz.1.1.3.dylib; sourceTree = SDKROOT; };
		C90B3A08181300F3003CE519 /* MobileCoreServices.framework */ = {isa = PBXFileReference; lastKnownFileType = wrapper.framework; name = MobileCoreServices.framework; path = System/Library/Frameworks/MobileCoreServices.framework; sourceTree = SDKROOT; };
		C90B3A0A181300F9003CE519 /* QuartzCore.framework */ = {isa = PBXFileReference; lastKnownFileType = wrapper.framework; name = QuartzCore.framework; path = System/Library/Frameworks/QuartzCore.framework; sourceTree = SDKROOT; };
		C90B3A0C181300FF003CE519 /* Security.framework */ = {isa = PBXFileReference; lastKnownFileType = wrapper.framework; name = Security.framework; path = System/Library/Frameworks/Security.framework; sourceTree = SDKROOT; };
		C90B3A101813010E003CE519 /* SystemConfiguration.framework */ = {isa = PBXFileReference; lastKnownFileType = wrapper.framework; name = SystemConfiguration.framework; path = System/Library/Frameworks/SystemConfiguration.framework; sourceTree = SDKROOT; };
		D01DBE2718BD81020054DB8E /* CBAUserLoginViewController.h */ = {isa = PBXFileReference; fileEncoding = 4; lastKnownFileType = sourcecode.c.h; path = CBAUserLoginViewController.h; sourceTree = "<group>"; };
		D01DBE2818BD81020054DB8E /* CBAUserLoginViewController.m */ = {isa = PBXFileReference; fileEncoding = 4; lastKnownFileType = sourcecode.c.objc; path = CBAUserLoginViewController.m; sourceTree = "<group>"; };
		D01DBE2918BD81020054DB8E /* CBAUserLoginViewController.xib */ = {isa = PBXFileReference; fileEncoding = 4; lastKnownFileType = file.xib; path = CBAUserLoginViewController.xib; sourceTree = "<group>"; };
		D06C89AB1842D718000E5F8B /* Images.xcassets */ = {isa = PBXFileReference; lastKnownFileType = folder.assetcatalog; path = Images.xcassets; sourceTree = "<group>"; };
		D097658118AD734000A3AB1D /* CBAMessageDetailViewController.h */ = {isa = PBXFileReference; fileEncoding = 4; lastKnownFileType = sourcecode.c.h; path = CBAMessageDetailViewController.h; sourceTree = "<group>"; };
		D097658218AD734000A3AB1D /* CBAMessageDetailViewController.m */ = {isa = PBXFileReference; fileEncoding = 4; lastKnownFileType = sourcecode.c.objc; path = CBAMessageDetailViewController.m; sourceTree = "<group>"; };
		D097658318AD734000A3AB1D /* CBAMessageDetailViewController.xib */ = {isa = PBXFileReference; fileEncoding = 4; lastKnownFileType = file.xib; path = CBAMessageDetailViewController.xib; sourceTree = "<group>"; };
		D097658418AD734000A3AB1D /* CBAMessageViewController.h */ = {isa = PBXFileReference; fileEncoding = 4; lastKnownFileType = sourcecode.c.h; path = CBAMessageViewController.h; sourceTree = "<group>"; };
		D097658518AD734000A3AB1D /* CBAMessageViewController.m */ = {isa = PBXFileReference; fileEncoding = 4; lastKnownFileType = sourcecode.c.objc; path = CBAMessageViewController.m; sourceTree = "<group>"; };
		D097658618AD734000A3AB1D /* CBASplashViewController.h */ = {isa = PBXFileReference; fileEncoding = 4; lastKnownFileType = sourcecode.c.h; path = CBASplashViewController.h; sourceTree = "<group>"; };
		D097658718AD734000A3AB1D /* CBASplashViewController.m */ = {isa = PBXFileReference; fileEncoding = 4; lastKnownFileType = sourcecode.c.objc; path = CBASplashViewController.m; sourceTree = "<group>"; };
		D097658818AD734000A3AB1D /* CBASplashViewController.xib */ = {isa = PBXFileReference; fileEncoding = 4; lastKnownFileType = file.xib; path = CBASplashViewController.xib; sourceTree = "<group>"; };
		D097658918AD734000A3AB1D /* CBATabBarController.h */ = {isa = PBXFileReference; fileEncoding = 4; lastKnownFileType = sourcecode.c.h; path = CBATabBarController.h; sourceTree = "<group>"; };
		D097658A18AD734000A3AB1D /* CBATabBarController.m */ = {isa = PBXFileReference; fileEncoding = 4; lastKnownFileType = sourcecode.c.objc; path = CBATabBarController.m; sourceTree = "<group>"; };
		D097658B18AD734000A3AB1D /* CBAUserListViewController.h */ = {isa = PBXFileReference; fileEncoding = 4; lastKnownFileType = sourcecode.c.h; path = CBAUserListViewController.h; sourceTree = "<group>"; };
		D097658C18AD734000A3AB1D /* CBAUserListViewController.m */ = {isa = PBXFileReference; fileEncoding = 4; lastKnownFileType = sourcecode.c.objc; path = CBAUserListViewController.m; sourceTree = "<group>"; };
		D097658D18AD734000A3AB1D /* CBAUserOptionsViewController.h */ = {isa = PBXFileReference; fileEncoding = 4; lastKnownFileType = sourcecode.c.h; path = CBAUserOptionsViewController.h; sourceTree = "<group>"; };
		D097658E18AD734000A3AB1D /* CBAUserOptionsViewController.m */ = {isa = PBXFileReference; fileEncoding = 4; lastKnownFileType = sourcecode.c.objc; path = CBAUserOptionsViewController.m; sourceTree = "<group>"; };
		D097658F18AD734000A3AB1D /* CBAUserProfileViewController.h */ = {isa = PBXFileReference; fileEncoding = 4; lastKnownFileType = sourcecode.c.h; path = CBAUserProfileViewController.h; sourceTree = "<group>"; };
		D097659018AD734000A3AB1D /* CBAUserProfileViewController.m */ = {isa = PBXFileReference; fileEncoding = 4; lastKnownFileType = sourcecode.c.objc; path = CBAUserProfileViewController.m; sourceTree = "<group>"; };
		D097659A18AD737300A3AB1D /* CBAMessage.h */ = {isa = PBXFileReference; fileEncoding = 4; lastKnownFileType = sourcecode.c.h; path = CBAMessage.h; sourceTree = "<group>"; };
		D097659B18AD737300A3AB1D /* CBAMessage.m */ = {isa = PBXFileReference; fileEncoding = 4; lastKnownFileType = sourcecode.c.objc; path = CBAMessage.m; sourceTree = "<group>"; };
		D097659C18AD737300A3AB1D /* CBAUser.h */ = {isa = PBXFileReference; fileEncoding = 4; lastKnownFileType = sourcecode.c.h; path = CBAUser.h; sourceTree = "<group>"; };
		D097659D18AD737300A3AB1D /* CBAUser.m */ = {isa = PBXFileReference; fileEncoding = 4; lastKnownFileType = sourcecode.c.objc; path = CBAUser.m; sourceTree = "<group>"; };
		D09765A218AD744900A3AB1D /* UIScrollView+ScrollPositions.h */ = {isa = PBXFileReference; fileEncoding = 4; lastKnownFileType = sourcecode.c.h; path = "UIScrollView+ScrollPositions.h"; sourceTree = "<group>"; };
		D09765A318AD744900A3AB1D /* UIScrollView+ScrollPositions.m */ = {isa = PBXFileReference; fileEncoding = 4; lastKnownFileType = sourcecode.c.objc; path = "UIScrollView+ScrollPositions.m"; sourceTree = "<group>"; };
		D09765A618AD744900A3AB1D /* main.m */ = {isa = PBXFileReference; fileEncoding = 4; lastKnownFileType = sourcecode.c.objc; path = main.m; sourceTree = "<group>"; };
		D09765AA18AD74B000A3AB1D /* AppDelegate.h */ = {isa = PBXFileReference; fileEncoding = 4; lastKnownFileType = sourcecode.c.h; path = AppDelegate.h; sourceTree = "<group>"; };
		D09765AB18AD74B000A3AB1D /* AppDelegate.m */ = {isa = PBXFileReference; fileEncoding = 4; lastKnownFileType = sourcecode.c.objc; path = AppDelegate.m; sourceTree = "<group>"; };
		D09765AD18AD762400A3AB1D /* CoderBacon-Info.plist */ = {isa = PBXFileReference; fileEncoding = 4; lastKnownFileType = text.plist.xml; name = "CoderBacon-Info.plist"; path = "../CoderBacon-Info.plist"; sourceTree = "<group>"; };
		D09765AE18AD762400A3AB1D /* CoderBacon-Prefix.pch */ = {isa = PBXFileReference; fileEncoding = 4; lastKnownFileType = sourcecode.c.h; name = "CoderBacon-Prefix.pch"; path = "../CoderBacon-Prefix.pch"; sourceTree = "<group>"; };
		D09765B418AD768600A3AB1D /* CBAMessageCell.h */ = {isa = PBXFileReference; fileEncoding = 4; lastKnownFileType = sourcecode.c.h; path = CBAMessageCell.h; sourceTree = "<group>"; };
		D09765B518AD768600A3AB1D /* CBAMessageCell.m */ = {isa = PBXFileReference; fileEncoding = 4; lastKnownFileType = sourcecode.c.objc; path = CBAMessageCell.m; sourceTree = "<group>"; };
		D09765B618AD768600A3AB1D /* CBAMessageCell.xib */ = {isa = PBXFileReference; fileEncoding = 4; lastKnownFileType = file.xib; path = CBAMessageCell.xib; sourceTree = "<group>"; };
		D09765B718AD768600A3AB1D /* CBAMessageReceivedCell.h */ = {isa = PBXFileReference; fileEncoding = 4; lastKnownFileType = sourcecode.c.h; path = CBAMessageReceivedCell.h; sourceTree = "<group>"; };
		D09765B818AD768600A3AB1D /* CBAMessageReceivedCell.m */ = {isa = PBXFileReference; fileEncoding = 4; lastKnownFileType = sourcecode.c.objc; path = CBAMessageReceivedCell.m; sourceTree = "<group>"; };
		D09765B918AD768600A3AB1D /* CBAMessageReceivedCell.xib */ = {isa = PBXFileReference; fileEncoding = 4; lastKnownFileType = file.xib; path = CBAMessageReceivedCell.xib; sourceTree = "<group>"; };
		D09765BA18AD768600A3AB1D /* CBAMessageSentCell.h */ = {isa = PBXFileReference; fileEncoding = 4; lastKnownFileType = sourcecode.c.h; path = CBAMessageSentCell.h; sourceTree = "<group>"; };
		D09765BB18AD768600A3AB1D /* CBAMessageSentCell.m */ = {isa = PBXFileReference; fileEncoding = 4; lastKnownFileType = sourcecode.c.objc; path = CBAMessageSentCell.m; sourceTree = "<group>"; };
		D09765BC18AD768600A3AB1D /* CBAMessageSentCell.xib */ = {isa = PBXFileReference; fileEncoding = 4; lastKnownFileType = file.xib; path = CBAMessageSentCell.xib; sourceTree = "<group>"; };
		D09765C318AD76AE00A3AB1D /* CBACommon.h */ = {isa = PBXFileReference; fileEncoding = 4; lastKnownFileType = sourcecode.c.h; path = CBACommon.h; sourceTree = "<group>"; };
		D09765C418AD76AE00A3AB1D /* CBACommon.m */ = {isa = PBXFileReference; fileEncoding = 4; lastKnownFileType = sourcecode.c.objc; path = CBACommon.m; sourceTree = "<group>"; };
		D09765C618AD76CC00A3AB1D /* CBAAsyncServices.h */ = {isa = PBXFileReference; fileEncoding = 4; lastKnownFileType = sourcecode.c.h; path = CBAAsyncServices.h; sourceTree = "<group>"; };
		D09765C718AD76CC00A3AB1D /* CBAAsyncServices.m */ = {isa = PBXFileReference; fileEncoding = 4; lastKnownFileType = sourcecode.c.objc; path = CBAAsyncServices.m; sourceTree = "<group>"; };
		D8C6A0BBD99942BF8E25E3B1 /* Pods.xcconfig */ = {isa = PBXFileReference; includeInIndex = 1; lastKnownFileType = text.xcconfig; name = Pods.xcconfig; path = Pods/Pods.xcconfig; sourceTree = "<group>"; };
/* End PBXFileReference section */

/* Begin PBXFrameworksBuildPhase section */
		9BAE3718180CE9020058A7A8 /* Frameworks */ = {
			isa = PBXFrameworksBuildPhase;
			buildActionMask = 2147483647;
			files = (
				C90B3A111813010E003CE519 /* SystemConfiguration.framework in Frameworks */,
				9BAE371F180CE9020058A7A8 /* Foundation.framework in Frameworks */,
				C90B3A0D181300FF003CE519 /* Security.framework in Frameworks */,
				C90B3A0B181300F9003CE519 /* QuartzCore.framework in Frameworks */,
				C90B3A09181300F3003CE519 /* MobileCoreServices.framework in Frameworks */,
				C90B3A07181300EC003CE519 /* libz.1.1.3.dylib in Frameworks */,
				C90B3A05181300DA003CE519 /* CoreLocation.framework in Frameworks */,
				9BAE3721180CE9020058A7A8 /* CoreGraphics.framework in Frameworks */,
				C90B3A03181300CF003CE519 /* CFNetwork.framework in Frameworks */,
				9BAE3723180CE9020058A7A8 /* UIKit.framework in Frameworks */,
				C90B3A01181300C8003CE519 /* AudioToolbox.framework in Frameworks */,
				5CA6AD2B517D4EAA89D1B38B /* libPods.a in Frameworks */,
			);
			runOnlyForDeploymentPostprocessing = 0;
		};
		9BAE3739180CE9030058A7A8 /* Frameworks */ = {
			isa = PBXFrameworksBuildPhase;
			buildActionMask = 2147483647;
			files = (
				9BAE373E180CE9030058A7A8 /* XCTest.framework in Frameworks */,
				9BAE3740180CE9030058A7A8 /* UIKit.framework in Frameworks */,
				9BAE373F180CE9030058A7A8 /* Foundation.framework in Frameworks */,
			);
			runOnlyForDeploymentPostprocessing = 0;
		};
/* End PBXFrameworksBuildPhase section */

/* Begin PBXGroup section */
		9BAE3712180CE9020058A7A8 = {
			isa = PBXGroup;
			children = (
				9BAE3724180CE9020058A7A8 /* CoderBacon */,
				9BAE3743180CE9030058A7A8 /* CoderBaconTests */,
				9BAE371D180CE9020058A7A8 /* Frameworks */,
				9BAE371C180CE9020058A7A8 /* Products */,
				D8C6A0BBD99942BF8E25E3B1 /* Pods.xcconfig */,
			);
			sourceTree = "<group>";
		};
		9BAE371C180CE9020058A7A8 /* Products */ = {
			isa = PBXGroup;
			children = (
				9BAE371B180CE9020058A7A8 /* CoderBacon.app */,
				9BAE373C180CE9030058A7A8 /* CoderBaconTests.xctest */,
			);
			name = Products;
			sourceTree = "<group>";
		};
		9BAE371D180CE9020058A7A8 /* Frameworks */ = {
			isa = PBXGroup;
			children = (
				C90B3A101813010E003CE519 /* SystemConfiguration.framework */,
				C90B3A0C181300FF003CE519 /* Security.framework */,
				C90B3A0A181300F9003CE519 /* QuartzCore.framework */,
				C90B3A08181300F3003CE519 /* MobileCoreServices.framework */,
				C90B3A06181300EC003CE519 /* libz.1.1.3.dylib */,
				C90B3A04181300DA003CE519 /* CoreLocation.framework */,
				C90B3A02181300CF003CE519 /* CFNetwork.framework */,
				C90B3A00181300C8003CE519 /* AudioToolbox.framework */,
				9BAE371E180CE9020058A7A8 /* Foundation.framework */,
				9BAE3720180CE9020058A7A8 /* CoreGraphics.framework */,
				9BAE3722180CE9020058A7A8 /* UIKit.framework */,
				9BAE373D180CE9030058A7A8 /* XCTest.framework */,
				3FACBF7B0CBF41AABD9E6C84 /* libPods.a */,
			);
			name = Frameworks;
			sourceTree = "<group>";
		};
		9BAE3724180CE9020058A7A8 /* CoderBacon */ = {
			isa = PBXGroup;
			children = (
				9BF4D86318429A8900398327 /* Main.storyboard */,
				D06C89AB1842D718000E5F8B /* Images.xcassets */,
				C9CC5C1D182733A800A6F1BF /* Helpers */,
				C90A51EF181D114700B04BEC /* Clients */,
				C9C80B1D1817BC7A0043B658 /* Views */,
				C9A6236918130F0E00CFA25E /* Models */,
				C96BD8661813045500325052 /* ViewControllers */,
				9BAE3725180CE9020058A7A8 /* Supporting Files */,
			);
			path = CoderBacon;
			sourceTree = "<group>";
		};
		9BAE3725180CE9020058A7A8 /* Supporting Files */ = {
			isa = PBXGroup;
			children = (
				D09765AE18AD762400A3AB1D /* CoderBacon-Prefix.pch */,
				D09765AD18AD762400A3AB1D /* CoderBacon-Info.plist */,
				D09765AA18AD74B000A3AB1D /* AppDelegate.h */,
				D09765AB18AD74B000A3AB1D /* AppDelegate.m */,
				D09765A118AD744900A3AB1D /* Categories */,
				D09765A618AD744900A3AB1D /* main.m */,
			);
			name = "Supporting Files";
			path = SupportingFiles;
			sourceTree = "<group>";
		};
		9BAE3743180CE9030058A7A8 /* CoderBaconTests */ = {
			isa = PBXGroup;
			children = (
				9BF4D85B184299F600398327 /* CoderBaconTests.m */,
				9BAE3744180CE9030058A7A8 /* Supporting Files */,
			);
			path = CoderBaconTests;
			sourceTree = "<group>";
		};
		9BAE3744180CE9030058A7A8 /* Supporting Files */ = {
			isa = PBXGroup;
			children = (
				9B0B523018429DAA002E68D1 /* InfoPlist.strings */,
				9B0B522D18429D92002E68D1 /* CoderBaconTests-Info.plist */,
			);
			name = "Supporting Files";
			sourceTree = "<group>";
		};
		C90A51EF181D114700B04BEC /* Clients */ = {
			isa = PBXGroup;
			children = (
				D09765C618AD76CC00A3AB1D /* CBAAsyncServices.h */,
				D09765C718AD76CC00A3AB1D /* CBAAsyncServices.m */,
			);
			path = Clients;
			sourceTree = "<group>";
		};
		C96BD8661813045500325052 /* ViewControllers */ = {
			isa = PBXGroup;
			children = (
				D097658118AD734000A3AB1D /* CBAMessageDetailViewController.h */,
				D097658218AD734000A3AB1D /* CBAMessageDetailViewController.m */,
				D097658318AD734000A3AB1D /* CBAMessageDetailViewController.xib */,
				D097658418AD734000A3AB1D /* CBAMessageViewController.h */,
				D097658518AD734000A3AB1D /* CBAMessageViewController.m */,
				D097658618AD734000A3AB1D /* CBASplashViewController.h */,
				D097658718AD734000A3AB1D /* CBASplashViewController.m */,
				D097658818AD734000A3AB1D /* CBASplashViewController.xib */,
				D097658918AD734000A3AB1D /* CBATabBarController.h */,
				D097658A18AD734000A3AB1D /* CBATabBarController.m */,
				D097658B18AD734000A3AB1D /* CBAUserListViewController.h */,
				D097658C18AD734000A3AB1D /* CBAUserListViewController.m */,
				D097658D18AD734000A3AB1D /* CBAUserOptionsViewController.h */,
				D097658E18AD734000A3AB1D /* CBAUserOptionsViewController.m */,
				D097658F18AD734000A3AB1D /* CBAUserProfileViewController.h */,
				D097659018AD734000A3AB1D /* CBAUserProfileViewController.m */,
				D01DBE2718BD81020054DB8E /* CBAUserLoginViewController.h */,
				D01DBE2818BD81020054DB8E /* CBAUserLoginViewController.m */,
				D01DBE2918BD81020054DB8E /* CBAUserLoginViewController.xib */,
			);
			path = ViewControllers;
			sourceTree = "<group>";
		};
		C9A6236918130F0E00CFA25E /* Models */ = {
			isa = PBXGroup;
			children = (
				D097659A18AD737300A3AB1D /* CBAMessage.h */,
				D097659B18AD737300A3AB1D /* CBAMessage.m */,
				D097659C18AD737300A3AB1D /* CBAUser.h */,
				D097659D18AD737300A3AB1D /* CBAUser.m */,
			);
			path = Models;
			sourceTree = "<group>";
		};
		C9C80B1D1817BC7A0043B658 /* Views */ = {
			isa = PBXGroup;
			children = (
				D09765B418AD768600A3AB1D /* CBAMessageCell.h */,
				D09765B518AD768600A3AB1D /* CBAMessageCell.m */,
				D09765B618AD768600A3AB1D /* CBAMessageCell.xib */,
				D09765B718AD768600A3AB1D /* CBAMessageReceivedCell.h */,
				D09765B818AD768600A3AB1D /* CBAMessageReceivedCell.m */,
				D09765B918AD768600A3AB1D /* CBAMessageReceivedCell.xib */,
				D09765BA18AD768600A3AB1D /* CBAMessageSentCell.h */,
				D09765BB18AD768600A3AB1D /* CBAMessageSentCell.m */,
				D09765BC18AD768600A3AB1D /* CBAMessageSentCell.xib */,
				9B0B520818429C4D002E68D1 /* CBAUserCell.h */,
				9B0B520918429C4D002E68D1 /* CBAUserCell.m */,
			);
			path = Views;
			sourceTree = "<group>";
		};
		C9CC5C1D182733A800A6F1BF /* Helpers */ = {
			isa = PBXGroup;
			children = (
				D09765C318AD76AE00A3AB1D /* CBACommon.h */,
				D09765C418AD76AE00A3AB1D /* CBACommon.m */,
			);
			path = Helpers;
			sourceTree = "<group>";
		};
		D09765A118AD744900A3AB1D /* Categories */ = {
			isa = PBXGroup;
			children = (
				D09765A218AD744900A3AB1D /* UIScrollView+ScrollPositions.h */,
				D09765A318AD744900A3AB1D /* UIScrollView+ScrollPositions.m */,
			);
			path = Categories;
			sourceTree = "<group>";
		};
/* End PBXGroup section */

/* Begin PBXNativeTarget section */
		9BAE371A180CE9020058A7A8 /* CoderBacon */ = {
			isa = PBXNativeTarget;
			buildConfigurationList = 9BAE374D180CE9030058A7A8 /* Build configuration list for PBXNativeTarget "CoderBacon" */;
			buildPhases = (
				C0146476AD2D40C0A8EBF903 /* Check Pods Manifest.lock */,
				9BAE3717180CE9020058A7A8 /* Sources */,
				9BAE3718180CE9020058A7A8 /* Frameworks */,
				9BAE3719180CE9020058A7A8 /* Resources */,
				9D62819ACAD549B09E4E0013 /* Copy Pods Resources */,
			);
			buildRules = (
			);
			dependencies = (
			);
			name = CoderBacon;
			productName = CoderBacon;
			productReference = 9BAE371B180CE9020058A7A8 /* CoderBacon.app */;
			productType = "com.apple.product-type.application";
		};
		9BAE373B180CE9030058A7A8 /* CoderBaconTests */ = {
			isa = PBXNativeTarget;
			buildConfigurationList = 9BAE3750180CE9030058A7A8 /* Build configuration list for PBXNativeTarget "CoderBaconTests" */;
			buildPhases = (
				9BAE3738180CE9030058A7A8 /* Sources */,
				9BAE3739180CE9030058A7A8 /* Frameworks */,
				9BAE373A180CE9030058A7A8 /* Resources */,
			);
			buildRules = (
			);
			dependencies = (
				9BAE3742180CE9030058A7A8 /* PBXTargetDependency */,
			);
			name = CoderBaconTests;
			productName = CoderBaconTests;
			productReference = 9BAE373C180CE9030058A7A8 /* CoderBaconTests.xctest */;
			productType = "com.apple.product-type.bundle.unit-test";
		};
/* End PBXNativeTarget section */

/* Begin PBXProject section */
		9BAE3713180CE9020058A7A8 /* Project object */ = {
			isa = PBXProject;
			attributes = {
				CLASSPREFIX = CBA;
				LastUpgradeCheck = 0500;
				ORGANIZATIONNAME = "";
				TargetAttributes = {
					9BAE371A180CE9020058A7A8 = {
						DevelopmentTeam = ZF45BMY3TP;
						SystemCapabilities = {
							com.apple.InAppPurchase = {
								enabled = 0;
							};
						};
					};
					9BAE373B180CE9030058A7A8 = {
						TestTargetID = 9BAE371A180CE9020058A7A8;
					};
				};
			};
			buildConfigurationList = 9BAE3716180CE9020058A7A8 /* Build configuration list for PBXProject "CoderBacon" */;
			compatibilityVersion = "Xcode 3.2";
			developmentRegion = English;
			hasScannedForEncodings = 0;
			knownRegions = (
				en,
				Base,
			);
			mainGroup = 9BAE3712180CE9020058A7A8;
			productRefGroup = 9BAE371C180CE9020058A7A8 /* Products */;
			projectDirPath = "";
			projectRoot = "";
			targets = (
				9BAE371A180CE9020058A7A8 /* CoderBacon */,
				9BAE373B180CE9030058A7A8 /* CoderBaconTests */,
			);
		};
/* End PBXProject section */

/* Begin PBXResourcesBuildPhase section */
		9BAE3719180CE9020058A7A8 /* Resources */ = {
			isa = PBXResourcesBuildPhase;
			buildActionMask = 2147483647;
			files = (
				D09765BE18AD768600A3AB1D /* CBAMessageCell.xib in Resources */,
				D09765AF18AD762400A3AB1D /* CoderBacon-Info.plist in Resources */,
				D097659218AD734000A3AB1D /* CBAMessageDetailViewController.xib in Resources */,
				D06C89AC1842D718000E5F8B /* Images.xcassets in Resources */,
				D09765C218AD768600A3AB1D /* CBAMessageSentCell.xib in Resources */,
				D097659518AD734000A3AB1D /* CBASplashViewController.xib in Resources */,
				C9C513431842BA0B008EE437 /* Main.storyboard in Resources */,
				D09765C018AD768600A3AB1D /* CBAMessageReceivedCell.xib in Resources */,
				D01DBE2B18BD81020054DB8E /* CBAUserLoginViewController.xib in Resources */,
			);
			runOnlyForDeploymentPostprocessing = 0;
		};
		9BAE373A180CE9030058A7A8 /* Resources */ = {
			isa = PBXResourcesBuildPhase;
			buildActionMask = 2147483647;
			files = (
				9B0B523218429DAA002E68D1 /* InfoPlist.strings in Resources */,
			);
			runOnlyForDeploymentPostprocessing = 0;
		};
/* End PBXResourcesBuildPhase section */

/* Begin PBXShellScriptBuildPhase section */
		9D62819ACAD549B09E4E0013 /* Copy Pods Resources */ = {
			isa = PBXShellScriptBuildPhase;
			buildActionMask = 2147483647;
			files = (
			);
			inputPaths = (
			);
			name = "Copy Pods Resources";
			outputPaths = (
			);
			runOnlyForDeploymentPostprocessing = 0;
			shellPath = /bin/sh;
			shellScript = "\"${SRCROOT}/Pods/Pods-resources.sh\"\n";
			showEnvVarsInLog = 0;
		};
		C0146476AD2D40C0A8EBF903 /* Check Pods Manifest.lock */ = {
			isa = PBXShellScriptBuildPhase;
			buildActionMask = 2147483647;
			files = (
			);
			inputPaths = (
			);
			name = "Check Pods Manifest.lock";
			outputPaths = (
			);
			runOnlyForDeploymentPostprocessing = 0;
			shellPath = /bin/sh;
			shellScript = "diff \"${PODS_ROOT}/../Podfile.lock\" \"${PODS_ROOT}/Manifest.lock\" > /dev/null\nif [[ $? != 0 ]] ; then\n    cat << EOM\nerror: The sandbox is not in sync with the Podfile.lock. Run 'pod install' or update your CocoaPods installation.\nEOM\n    exit 1\nfi\n";
			showEnvVarsInLog = 0;
		};
/* End PBXShellScriptBuildPhase section */

/* Begin PBXSourcesBuildPhase section */
		9BAE3717180CE9020058A7A8 /* Sources */ = {
			isa = PBXSourcesBuildPhase;
			buildActionMask = 2147483647;
			files = (
				D097659418AD734000A3AB1D /* CBASplashViewController.m in Sources */,
				D09765AC18AD74B000A3AB1D /* AppDelegate.m in Sources */,
				D09765C118AD768600A3AB1D /* CBAMessageSentCell.m in Sources */,
				D097659F18AD737300A3AB1D /* CBAUser.m in Sources */,
				D097659E18AD737300A3AB1D /* CBAMessage.m in Sources */,
				D09765BF18AD768600A3AB1D /* CBAMessageReceivedCell.m in Sources */,
				D097659318AD734000A3AB1D /* CBAMessageViewController.m in Sources */,
				D097659918AD734000A3AB1D /* CBAUserProfileViewController.m in Sources */,
				D09765BD18AD768600A3AB1D /* CBAMessageCell.m in Sources */,
				D09765C818AD76CC00A3AB1D /* CBAAsyncServices.m in Sources */,
				D09765C518AD76AE00A3AB1D /* CBACommon.m in Sources */,
				D09765A918AD744900A3AB1D /* main.m in Sources */,
				D097659718AD734000A3AB1D /* CBAUserListViewController.m in Sources */,
				D097659118AD734000A3AB1D /* CBAMessageDetailViewController.m in Sources */,
				D097659818AD734000A3AB1D /* CBAUserOptionsViewController.m in Sources */,
				9B0B520A18429C4D002E68D1 /* CBAUserCell.m in Sources */,
				D097659618AD734000A3AB1D /* CBATabBarController.m in Sources */,
				D09765A718AD744900A3AB1D /* UIScrollView+ScrollPositions.m in Sources */,
				D01DBE2A18BD81020054DB8E /* CBAUserLoginViewController.m in Sources */,
			);
			runOnlyForDeploymentPostprocessing = 0;
		};
		9BAE3738180CE9030058A7A8 /* Sources */ = {
			isa = PBXSourcesBuildPhase;
			buildActionMask = 2147483647;
			files = (
				9BF4D85C184299F600398327 /* CoderBaconTests.m in Sources */,
			);
			runOnlyForDeploymentPostprocessing = 0;
		};
/* End PBXSourcesBuildPhase section */

/* Begin PBXTargetDependency section */
		9BAE3742180CE9030058A7A8 /* PBXTargetDependency */ = {
			isa = PBXTargetDependency;
			target = 9BAE371A180CE9020058A7A8 /* CoderBacon */;
			targetProxy = 9BAE3741180CE9030058A7A8 /* PBXContainerItemProxy */;
		};
/* End PBXTargetDependency section */

/* Begin PBXVariantGroup section */
		9B0B523018429DAA002E68D1 /* InfoPlist.strings */ = {
			isa = PBXVariantGroup;
			children = (
				9B0B523118429DAA002E68D1 /* en */,
			);
			name = InfoPlist.strings;
			path = ../CoderBaconTests/en.lproj;
			sourceTree = "<group>";
		};
		9BF4D86318429A8900398327 /* Main.storyboard */ = {
			isa = PBXVariantGroup;
			children = (
				9BF4D86418429A8900398327 /* Base */,
			);
			name = Main.storyboard;
			sourceTree = "<group>";
		};
/* End PBXVariantGroup section */

/* Begin XCBuildConfiguration section */
		9BAE374B180CE9030058A7A8 /* Debug */ = {
			isa = XCBuildConfiguration;
			buildSettings = {
				ALWAYS_SEARCH_USER_PATHS = NO;
				ARCHS = "$(ARCHS_STANDARD_INCLUDING_64_BIT)";
				CLANG_CXX_LANGUAGE_STANDARD = "gnu++0x";
				CLANG_CXX_LIBRARY = "libc++";
				CLANG_ENABLE_MODULES = YES;
				CLANG_ENABLE_OBJC_ARC = YES;
				CLANG_WARN_BOOL_CONVERSION = YES;
				CLANG_WARN_CONSTANT_CONVERSION = YES;
				CLANG_WARN_DIRECT_OBJC_ISA_USAGE = YES_ERROR;
				CLANG_WARN_EMPTY_BODY = YES;
				CLANG_WARN_ENUM_CONVERSION = YES;
				CLANG_WARN_INT_CONVERSION = YES;
				CLANG_WARN_OBJC_ROOT_CLASS = YES_ERROR;
				CLANG_WARN__DUPLICATE_METHOD_MATCH = YES;
				"CODE_SIGN_IDENTITY[sdk=iphoneos*]" = "iPhone Developer";
				COPY_PHASE_STRIP = NO;
				GCC_C_LANGUAGE_STANDARD = gnu99;
				GCC_DYNAMIC_NO_PIC = NO;
				GCC_OPTIMIZATION_LEVEL = 0;
				GCC_PREPROCESSOR_DEFINITIONS = (
					"DEBUG=1",
					"$(inherited)",
				);
				GCC_SYMBOLS_PRIVATE_EXTERN = NO;
				GCC_WARN_64_TO_32_BIT_CONVERSION = YES;
				GCC_WARN_ABOUT_RETURN_TYPE = YES_ERROR;
				GCC_WARN_UNDECLARED_SELECTOR = YES;
				GCC_WARN_UNINITIALIZED_AUTOS = YES;
				GCC_WARN_UNUSED_FUNCTION = YES;
				GCC_WARN_UNUSED_VARIABLE = YES;
				IPHONEOS_DEPLOYMENT_TARGET = 7.0;
				ONLY_ACTIVE_ARCH = YES;
				PROVISIONING_PROFILE = "00DD7142-F0C3-42DA-971F-1E858F29A053";
				SDKROOT = iphoneos;
			};
			name = Debug;
		};
		9BAE374C180CE9030058A7A8 /* Release */ = {
			isa = XCBuildConfiguration;
			buildSettings = {
				ALWAYS_SEARCH_USER_PATHS = NO;
				ARCHS = "$(ARCHS_STANDARD_INCLUDING_64_BIT)";
				CLANG_CXX_LANGUAGE_STANDARD = "gnu++0x";
				CLANG_CXX_LIBRARY = "libc++";
				CLANG_ENABLE_MODULES = YES;
				CLANG_ENABLE_OBJC_ARC = YES;
				CLANG_WARN_BOOL_CONVERSION = YES;
				CLANG_WARN_CONSTANT_CONVERSION = YES;
				CLANG_WARN_DIRECT_OBJC_ISA_USAGE = YES_ERROR;
				CLANG_WARN_EMPTY_BODY = YES;
				CLANG_WARN_ENUM_CONVERSION = YES;
				CLANG_WARN_INT_CONVERSION = YES;
				CLANG_WARN_OBJC_ROOT_CLASS = YES_ERROR;
				CLANG_WARN__DUPLICATE_METHOD_MATCH = YES;
				"CODE_SIGN_IDENTITY[sdk=iphoneos*]" = "iPhone Developer";
				COPY_PHASE_STRIP = YES;
				ENABLE_NS_ASSERTIONS = NO;
				GCC_C_LANGUAGE_STANDARD = gnu99;
				GCC_WARN_64_TO_32_BIT_CONVERSION = YES;
				GCC_WARN_ABOUT_RETURN_TYPE = YES_ERROR;
				GCC_WARN_UNDECLARED_SELECTOR = YES;
				GCC_WARN_UNINITIALIZED_AUTOS = YES;
				GCC_WARN_UNUSED_FUNCTION = YES;
				GCC_WARN_UNUSED_VARIABLE = YES;
				IPHONEOS_DEPLOYMENT_TARGET = 7.0;
				PROVISIONING_PROFILE = "00DD7142-F0C3-42DA-971F-1E858F29A053";
				SDKROOT = iphoneos;
				VALIDATE_PRODUCT = YES;
			};
			name = Release;
		};
		9BAE374E180CE9030058A7A8 /* Debug */ = {
			isa = XCBuildConfiguration;
			baseConfigurationReference = D8C6A0BBD99942BF8E25E3B1 /* Pods.xcconfig */;
			buildSettings = {
				ASSETCATALOG_COMPILER_APPICON_NAME = AppIcon;
				ASSETCATALOG_COMPILER_LAUNCHIMAGE_NAME = LaunchImage;
				CODE_SIGN_IDENTITY = "iPhone Developer";
				"CODE_SIGN_IDENTITY[sdk=iphoneos*]" = "iPhone Developer";
				FRAMEWORK_SEARCH_PATHS = (
					"$(SRCROOT)",
					"$(inherited)",
				);
				GCC_PRECOMPILE_PREFIX_HEADER = YES;
				GCC_PREFIX_HEADER = "CoderBacon/CoderBacon-Prefix.pch";
				INFOPLIST_FILE = "$(SRCROOT)/CoderBacon/CoderBacon-Info.plist";
				IPHONEOS_DEPLOYMENT_TARGET = 7.0;
				OTHER_LDFLAGS = (
					"-framework",
					CoreGraphics,
					"-framework",
					MobileCoreServices,
					"-framework",
					Security,
					"-framework",
					SystemConfiguration,
					"-ObjC",
				);
				PRODUCT_NAME = CoderBacon;
				PROVISIONING_PROFILE = "";
				TARGETED_DEVICE_FAMILY = 1;
				WRAPPER_EXTENSION = app;
			};
			name = Debug;
		};
		9BAE374F180CE9030058A7A8 /* Release */ = {
			isa = XCBuildConfiguration;
			baseConfigurationReference = D8C6A0BBD99942BF8E25E3B1 /* Pods.xcconfig */;
			buildSettings = {
				ASSETCATALOG_COMPILER_APPICON_NAME = AppIcon;
				ASSETCATALOG_COMPILER_LAUNCHIMAGE_NAME = LaunchImage;
				CODE_SIGN_IDENTITY = "iPhone Developer";
				"CODE_SIGN_IDENTITY[sdk=iphoneos*]" = "iPhone Developer";
				FRAMEWORK_SEARCH_PATHS = (
					"$(SRCROOT)",
					"$(inherited)",
				);
				GCC_PRECOMPILE_PREFIX_HEADER = YES;
				GCC_PREFIX_HEADER = "CoderBacon/CoderBacon-Prefix.pch";
				INFOPLIST_FILE = "$(SRCROOT)/CoderBacon/CoderBacon-Info.plist";
				IPHONEOS_DEPLOYMENT_TARGET = 7.0;
				OTHER_LDFLAGS = (
					"-framework",
					CoreGraphics,
					"-framework",
					MobileCoreServices,
					"-framework",
					Security,
					"-framework",
					SystemConfiguration,
					"-ObjC",
				);
				PRODUCT_NAME = CoderBacon;
				PROVISIONING_PROFILE = "";
				TARGETED_DEVICE_FAMILY = 1;
				WRAPPER_EXTENSION = app;
			};
			name = Release;
		};
		9BAE3751180CE9030058A7A8 /* Debug */ = {
			isa = XCBuildConfiguration;
			buildSettings = {
				ARCHS = "$(ARCHS_STANDARD_INCLUDING_64_BIT)";
				BUNDLE_LOADER = "$(BUILT_PRODUCTS_DIR)/CoderBacon.app/CoderBacon";
				FRAMEWORK_SEARCH_PATHS = (
					"$(SDKROOT)/Developer/Library/Frameworks",
					"$(inherited)",
					"$(DEVELOPER_FRAMEWORKS_DIR)",
				);
				GCC_PRECOMPILE_PREFIX_HEADER = YES;
				GCC_PREFIX_HEADER = "CoderBacon/CoderBacon-Prefix.pch";
				GCC_PREPROCESSOR_DEFINITIONS = (
					"DEBUG=1",
					"$(inherited)",
				);
				INFOPLIST_FILE = "CoderBaconTests/CoderBaconTests-Info.plist";
				PRODUCT_NAME = CoderBaconTests;
				TEST_HOST = "$(BUNDLE_LOADER)";
				WRAPPER_EXTENSION = xctest;
			};
			name = Debug;
		};
		9BAE3752180CE9030058A7A8 /* Release */ = {
			isa = XCBuildConfiguration;
			buildSettings = {
				ARCHS = "$(ARCHS_STANDARD_INCLUDING_64_BIT)";
				BUNDLE_LOADER = "$(BUILT_PRODUCTS_DIR)/CoderBacon.app/CoderBacon";
				FRAMEWORK_SEARCH_PATHS = (
					"$(SDKROOT)/Developer/Library/Frameworks",
					"$(inherited)",
					"$(DEVELOPER_FRAMEWORKS_DIR)",
				);
				GCC_PRECOMPILE_PREFIX_HEADER = YES;
				GCC_PREFIX_HEADER = "CoderBacon/CoderBacon-Prefix.pch";
				INFOPLIST_FILE = "CoderBaconTests/CoderBaconTests-Info.plist";
				PRODUCT_NAME = CoderBaconTests;
				TEST_HOST = "$(BUNDLE_LOADER)";
				WRAPPER_EXTENSION = xctest;
			};
			name = Release;
		};
/* End XCBuildConfiguration section */

/* Begin XCConfigurationList section */
		9BAE3716180CE9020058A7A8 /* Build configuration list for PBXProject "CoderBacon" */ = {
			isa = XCConfigurationList;
			buildConfigurations = (
				9BAE374B180CE9030058A7A8 /* Debug */,
				9BAE374C180CE9030058A7A8 /* Release */,
			);
			defaultConfigurationIsVisible = 0;
			defaultConfigurationName = Release;
		};
		9BAE374D180CE9030058A7A8 /* Build configuration list for PBXNativeTarget "CoderBacon" */ = {
			isa = XCConfigurationList;
			buildConfigurations = (
				9BAE374E180CE9030058A7A8 /* Debug */,
				9BAE374F180CE9030058A7A8 /* Release */,
			);
			defaultConfigurationIsVisible = 0;
			defaultConfigurationName = Release;
		};
		9BAE3750180CE9030058A7A8 /* Build configuration list for PBXNativeTarget "CoderBaconTests" */ = {
			isa = XCConfigurationList;
			buildConfigurations = (
				9BAE3751180CE9030058A7A8 /* Debug */,
				9BAE3752180CE9030058A7A8 /* Release */,
			);
			defaultConfigurationIsVisible = 0;
			defaultConfigurationName = Release;
		};
/* End XCConfigurationList section */
	};
	rootObject = 9BAE3713180CE9020058A7A8 /* Project object */;
}
